
Microsoft Visual Studio Solution File, Format Version 12.00
# Visual Studio Version 17
VisualStudioVersion = 17.4.33103.184
MinimumVisualStudioVersion = 10.0.40219.1
Project("{9A19103F-16F7-4668-BE54-9A1E7A4F7556}") = "Users_Minimal_Api", "Users_Minimal_Api\Users_Minimal_Api.csproj", "{4FE03A3B-4030-4975-BA39-8F5CBA3C7342}"
EndProject
Project("{FAE04EC0-301F-11D3-BF4B-00C04F79EFBC}") = "Users_Minimal_Api.Test", "Users_Minimal_Api.Test\Users_Minimal_Api.Test.csproj", "{28DB7C27-3AA1-4E1F-9226-FFF8F6C91833}"
EndProject
Global
	GlobalSection(SolutionConfigurationPlatforms) = preSolution
		Debug|Any CPU = Debug|Any CPU
		Release|Any CPU = Release|Any CPU
	EndGlobalSection
	GlobalSection(ProjectConfigurationPlatforms) = postSolution
		{4FE03A3B-4030-4975-BA39-8F5CBA3C7342}.Debug|Any CPU.ActiveCfg = Debug|Any CPU
		{4FE03A3B-4030-4975-BA39-8F5CBA3C7342}.Debug|Any CPU.Build.0 = Debug|Any CPU
		{4FE03A3B-4030-4975-BA39-8F5CBA3C7342}.Release|Any CPU.ActiveCfg = Release|Any CPU
		{4FE03A3B-4030-4975-BA39-8F5CBA3C7342}.Release|Any CPU.Build.0 = Release|Any CPU
		{28DB7C27-3AA1-4E1F-9226-FFF8F6C91833}.Debug|Any CPU.ActiveCfg = Debug|Any CPU
		{28DB7C27-3AA1-4E1F-9226-FFF8F6C91833}.Debug|Any CPU.Build.0 = Debug|Any CPU
		{28DB7C27-3AA1-4E1F-9226-FFF8F6C91833}.Release|Any CPU.ActiveCfg = Release|Any CPU
		{28DB7C27-3AA1-4E1F-9226-FFF8F6C91833}.Release|Any CPU.Build.0 = Release|Any CPU
	EndGlobalSection
	GlobalSection(SolutionProperties) = preSolution
		HideSolutionNode = FALSE
	EndGlobalSection
	GlobalSection(ExtensibilityGlobals) = postSolution
		SolutionGuid = {32F34716-9F70-4CA4-BA85-E42E7D3B8770}
	EndGlobalSection
EndGlobal
